
Microsoft Visual Studio Solution File, Format Version 12.00
# Visual Studio 15
VisualStudioVersion = 15.0.27703.2000
MinimumVisualStudioVersion = 10.0.40219.1
Project("{FAE04EC0-301F-11D3-BF4B-00C04F79EFBC}") = "CMS_Tools", "CMS_Tools\CMS_Tools.csproj", "{D7B4EADD-AA33-49DF-8684-4EF8C34E1B1C}"
EndProject
Project("{FAE04EC0-301F-11D3-BF4B-00C04F79EFBC}") = "UploadFile", "UploadFile\UploadFile.csproj", "{A7ED2D86-8FA7-4118-B98E-CA315558AFA8}"
EndProject
Project("{FAE04EC0-301F-11D3-BF4B-00C04F79EFBC}") = "Utilities", "Utilities\Utilities.csproj", "{6EC69079-30FD-437E-9574-5214323283F6}"
EndProject
Global
	GlobalSection(SolutionConfigurationPlatforms) = preSolution
		Debug|Any CPU = Debug|Any CPU
		Release|Any CPU = Release|Any CPU
	EndGlobalSection
	GlobalSection(ProjectConfigurationPlatforms) = postSolution
		{D7B4EADD-AA33-49DF-8684-4EF8C34E1B1C}.Debug|Any CPU.ActiveCfg = Debug|Any CPU
		{D7B4EADD-AA33-49DF-8684-4EF8C34E1B1C}.Debug|Any CPU.Build.0 = Debug|Any CPU
		{D7B4EADD-AA33-49DF-8684-4EF8C34E1B1C}.Release|Any CPU.ActiveCfg = Release|Any CPU
		{D7B4EADD-AA33-49DF-8684-4EF8C34E1B1C}.Release|Any CPU.Build.0 = Release|Any CPU
		{A7ED2D86-8FA7-4118-B98E-CA315558AFA8}.Debug|Any CPU.ActiveCfg = Debug|Any CPU
		{A7ED2D86-8FA7-4118-B98E-CA315558AFA8}.Debug|Any CPU.Build.0 = Debug|Any CPU
		{A7ED2D86-8FA7-4118-B98E-CA315558AFA8}.Release|Any CPU.ActiveCfg = Release|Any CPU
		{A7ED2D86-8FA7-4118-B98E-CA315558AFA8}.Release|Any CPU.Build.0 = Release|Any CPU
		{6EC69079-30FD-437E-9574-5214323283F6}.Debug|Any CPU.ActiveCfg = Debug|Any CPU
		{6EC69079-30FD-437E-9574-5214323283F6}.Debug|Any CPU.Build.0 = Debug|Any CPU
		{6EC69079-30FD-437E-9574-5214323283F6}.Release|Any CPU.ActiveCfg = Release|Any CPU
		{6EC69079-30FD-437E-9574-5214323283F6}.Release|Any CPU.Build.0 = Release|Any CPU
	EndGlobalSection
	GlobalSection(SolutionProperties) = preSolution
		HideSolutionNode = FALSE
	EndGlobalSection
	GlobalSection(ExtensibilityGlobals) = postSolution
		SolutionGuid = {2098232F-45F4-433B-896B-BB0F70FB9C36}
	EndGlobalSection
EndGlobal
